// !$*UTF8*$!
{
	archiveVersion = 1;
	classes = {
	};
	objectVersion = 53;
	objects = {

/* Begin PBXBuildFile section */
		AB02A2312603BE020021ADE0 /* String+Extension.swift in Sources */ = {isa = PBXBuildFile; fileRef = AB02A2302603BE020021ADE0 /* String+Extension.swift */; };
		AB02A23F2603EE950021ADE0 /* API.swift in Sources */ = {isa = PBXBuildFile; fileRef = AB02A23E2603EE950021ADE0 /* API.swift */; };
		AB211A38259BDF5E002DAFBF /* RealmModel.swift in Sources */ = {isa = PBXBuildFile; fileRef = AB211A37259BDF5E002DAFBF /* RealmModel.swift */; };
		AB211A3A259BDF70002DAFBF /* UIColor+Extension.swift in Sources */ = {isa = PBXBuildFile; fileRef = AB9711E22595CA2E00AAA0E1 /* UIColor+Extension.swift */; };
		AB23EF4926071F82000AE6CB /* RealmRepository.swift in Sources */ = {isa = PBXBuildFile; fileRef = AB23EF4826071F82000AE6CB /* RealmRepository.swift */; };
		AB23EF59260801B0000AE6CB /* Designs.swift in Sources */ = {isa = PBXBuildFile; fileRef = AB23EF58260801B0000AE6CB /* Designs.swift */; };
		AB23EF6B260823BD000AE6CB /* Strikethrough.swift in Sources */ = {isa = PBXBuildFile; fileRef = AB23EF6A260823BD000AE6CB /* Strikethrough.swift */; };
		AB32762625A1409200FB8C2F /* GoogleService-Info.plist in Resources */ = {isa = PBXBuildFile; fileRef = AB32762525A1409200FB8C2F /* GoogleService-Info.plist */; };
		AB32764125A167D500FB8C2F /* (null) in Embed Frameworks */ = {isa = PBXBuildFile; settings = {ATTRIBUTES = (CodeSignOnCopy, RemoveHeadersOnCopy, ); }; };
		AB80719725A8B9ED00E1F550 /* Place.swift in Sources */ = {isa = PBXBuildFile; fileRef = AB80719625A8B9ED00E1F550 /* Place.swift */; };
		AB80719925A8BA3B00E1F550 /* HowToUseCalculationViewController.swift in Sources */ = {isa = PBXBuildFile; fileRef = AB80719825A8BA3B00E1F550 /* HowToUseCalculationViewController.swift */; };
		AB86831926025FC900529952 /* ToBuyList.storyboard in Resources */ = {isa = PBXBuildFile; fileRef = AB86831826025FC900529952 /* ToBuyList.storyboard */; };
		AB86831B26025FD600529952 /* HowToUseToBuyList.storyboard in Resources */ = {isa = PBXBuildFile; fileRef = AB86831A26025FD600529952 /* HowToUseToBuyList.storyboard */; };
		AB86831D26025FE900529952 /* Calculation.storyboard in Resources */ = {isa = PBXBuildFile; fileRef = AB86831C26025FE900529952 /* Calculation.storyboard */; };
		AB86831F26025FFC00529952 /* HowToUseCalculation.storyboard in Resources */ = {isa = PBXBuildFile; fileRef = AB86831E26025FFC00529952 /* HowToUseCalculation.storyboard */; };
		AB8683212602600500529952 /* Map.storyboard in Resources */ = {isa = PBXBuildFile; fileRef = AB8683202602600500529952 /* Map.storyboard */; };
		AB8683232602600F00529952 /* Setting.storyboard in Resources */ = {isa = PBXBuildFile; fileRef = AB8683222602600F00529952 /* Setting.storyboard */; };
		AB8683252602601800529952 /* ThemeColor.storyboard in Resources */ = {isa = PBXBuildFile; fileRef = AB8683242602601800529952 /* ThemeColor.storyboard */; };
		AB86832726026F8000529952 /* AdMob.swift in Sources */ = {isa = PBXBuildFile; fileRef = AB86832626026F8000529952 /* AdMob.swift */; };
		AB8FCD3925A9F0F900B673F5 /* HowToUseToBuyListViewController.swift in Sources */ = {isa = PBXBuildFile; fileRef = AB8FCD3825A9F0F800B673F5 /* HowToUseToBuyListViewController.swift */; };
		AB97116C25950FC600AAA0E1 /* AppDelegate.swift in Sources */ = {isa = PBXBuildFile; fileRef = AB97116B25950FC600AAA0E1 /* AppDelegate.swift */; };
		AB97116E25950FC600AAA0E1 /* SceneDelegate.swift in Sources */ = {isa = PBXBuildFile; fileRef = AB97116D25950FC600AAA0E1 /* SceneDelegate.swift */; };
		AB97117325950FC600AAA0E1 /* Main.storyboard in Resources */ = {isa = PBXBuildFile; fileRef = AB97117125950FC600AAA0E1 /* Main.storyboard */; };
		AB97117525950FC900AAA0E1 /* Assets.xcassets in Resources */ = {isa = PBXBuildFile; fileRef = AB97117425950FC900AAA0E1 /* Assets.xcassets */; };
		AB97117825950FC900AAA0E1 /* LaunchScreen.storyboard in Resources */ = {isa = PBXBuildFile; fileRef = AB97117625950FC900AAA0E1 /* LaunchScreen.storyboard */; };
		AB97118A259511A100AAA0E1 /* MapViewController.swift in Sources */ = {isa = PBXBuildFile; fileRef = AB971186259511A000AAA0E1 /* MapViewController.swift */; };
		AB97118B259511A100AAA0E1 /* ToBuyListViewController.swift in Sources */ = {isa = PBXBuildFile; fileRef = AB971187259511A000AAA0E1 /* ToBuyListViewController.swift */; };
		AB97118C259511A100AAA0E1 /* SettingViewController.swift in Sources */ = {isa = PBXBuildFile; fileRef = AB971188259511A000AAA0E1 /* SettingViewController.swift */; };
		AB97118D259511A100AAA0E1 /* CalculationViewController.swift in Sources */ = {isa = PBXBuildFile; fileRef = AB971189259511A100AAA0E1 /* CalculationViewController.swift */; };
		AB971196259511B200AAA0E1 /* ShoppingListCollectionViewCell.xib in Resources */ = {isa = PBXBuildFile; fileRef = AB971192259511B200AAA0E1 /* ShoppingListCollectionViewCell.xib */; };
		AB971197259511B200AAA0E1 /* ToBuyListTableViewCell.swift in Sources */ = {isa = PBXBuildFile; fileRef = AB971193259511B200AAA0E1 /* ToBuyListTableViewCell.swift */; };
		AB971198259511B200AAA0E1 /* ToBuyListTableViewCell.xib in Resources */ = {isa = PBXBuildFile; fileRef = AB971194259511B200AAA0E1 /* ToBuyListTableViewCell.xib */; };
		AB971199259511B200AAA0E1 /* ShoppingListCollectionViewCell.swift in Sources */ = {isa = PBXBuildFile; fileRef = AB971195259511B200AAA0E1 /* ShoppingListCollectionViewCell.swift */; };
		AB9711C92595B58D00AAA0E1 /* SettingTableViewCell.swift in Sources */ = {isa = PBXBuildFile; fileRef = AB9711C72595B58D00AAA0E1 /* SettingTableViewCell.swift */; };
		AB9711CA2595B58D00AAA0E1 /* SettingTableViewCell.xib in Resources */ = {isa = PBXBuildFile; fileRef = AB9711C82595B58D00AAA0E1 /* SettingTableViewCell.xib */; };
		AB9711CD2595BC8100AAA0E1 /* ThemeColorViewController.swift in Sources */ = {isa = PBXBuildFile; fileRef = AB9711CC2595BC8100AAA0E1 /* ThemeColorViewController.swift */; };
		AB9711E72596CA5900AAA0E1 /* TabBarController.swift in Sources */ = {isa = PBXBuildFile; fileRef = AB9711E62596CA5900AAA0E1 /* TabBarController.swift */; };
		F0F9906C409275E1DBC4D4FD /* Pods_ShoppingApplication.framework in Frameworks */ = {isa = PBXBuildFile; fileRef = C0F7B8E2DFA26FA08F771DC4 /* Pods_ShoppingApplication.framework */; };
/* End PBXBuildFile section */

/* Begin PBXCopyFilesBuildPhase section */
		AB32763B25A167C300FB8C2F /* Embed Frameworks */ = {
			isa = PBXCopyFilesBuildPhase;
			buildActionMask = 2147483647;
			dstPath = "";
			dstSubfolderSpec = 10;
			files = (
				AB32764125A167D500FB8C2F /* (null) in Embed Frameworks */,
			);
			name = "Embed Frameworks";
			runOnlyForDeploymentPostprocessing = 0;
		};
/* End PBXCopyFilesBuildPhase section */

/* Begin PBXFileReference section */
		18F3E129915F4B0509A221BD /* Pods-ShoppingApplication.debug.xcconfig */ = {isa = PBXFileReference; includeInIndex = 1; lastKnownFileType = text.xcconfig; name = "Pods-ShoppingApplication.debug.xcconfig"; path = "Target Support Files/Pods-ShoppingApplication/Pods-ShoppingApplication.debug.xcconfig"; sourceTree = "<group>"; };
		AB02A2302603BE020021ADE0 /* String+Extension.swift */ = {isa = PBXFileReference; lastKnownFileType = sourcecode.swift; path = "String+Extension.swift"; sourceTree = "<group>"; };
		AB02A23E2603EE950021ADE0 /* API.swift */ = {isa = PBXFileReference; lastKnownFileType = sourcecode.swift; path = API.swift; sourceTree = "<group>"; };
		AB211A37259BDF5E002DAFBF /* RealmModel.swift */ = {isa = PBXFileReference; fileEncoding = 4; lastKnownFileType = sourcecode.swift; path = RealmModel.swift; sourceTree = "<group>"; };
		AB23EF4826071F82000AE6CB /* RealmRepository.swift */ = {isa = PBXFileReference; lastKnownFileType = sourcecode.swift; path = RealmRepository.swift; sourceTree = "<group>"; };
		AB23EF58260801B0000AE6CB /* Designs.swift */ = {isa = PBXFileReference; lastKnownFileType = sourcecode.swift; path = Designs.swift; sourceTree = "<group>"; };
		AB23EF6A260823BD000AE6CB /* Strikethrough.swift */ = {isa = PBXFileReference; lastKnownFileType = sourcecode.swift; path = Strikethrough.swift; sourceTree = "<group>"; };
		AB32762525A1409200FB8C2F /* GoogleService-Info.plist */ = {isa = PBXFileReference; fileEncoding = 4; lastKnownFileType = text.plist.xml; path = "GoogleService-Info.plist"; sourceTree = "<group>"; };
		AB80719625A8B9ED00E1F550 /* Place.swift */ = {isa = PBXFileReference; fileEncoding = 4; lastKnownFileType = sourcecode.swift; path = Place.swift; sourceTree = "<group>"; };
		AB80719825A8BA3B00E1F550 /* HowToUseCalculationViewController.swift */ = {isa = PBXFileReference; fileEncoding = 4; lastKnownFileType = sourcecode.swift; path = HowToUseCalculationViewController.swift; sourceTree = "<group>"; };
		AB86831826025FC900529952 /* ToBuyList.storyboard */ = {isa = PBXFileReference; lastKnownFileType = file.storyboard; path = ToBuyList.storyboard; sourceTree = "<group>"; };
		AB86831A26025FD600529952 /* HowToUseToBuyList.storyboard */ = {isa = PBXFileReference; lastKnownFileType = file.storyboard; path = HowToUseToBuyList.storyboard; sourceTree = "<group>"; };
		AB86831C26025FE900529952 /* Calculation.storyboard */ = {isa = PBXFileReference; lastKnownFileType = file.storyboard; path = Calculation.storyboard; sourceTree = "<group>"; };
		AB86831E26025FFC00529952 /* HowToUseCalculation.storyboard */ = {isa = PBXFileReference; lastKnownFileType = file.storyboard; path = HowToUseCalculation.storyboard; sourceTree = "<group>"; };
		AB8683202602600500529952 /* Map.storyboard */ = {isa = PBXFileReference; lastKnownFileType = file.storyboard; path = Map.storyboard; sourceTree = "<group>"; };
		AB8683222602600F00529952 /* Setting.storyboard */ = {isa = PBXFileReference; lastKnownFileType = file.storyboard; path = Setting.storyboard; sourceTree = "<group>"; };
		AB8683242602601800529952 /* ThemeColor.storyboard */ = {isa = PBXFileReference; lastKnownFileType = file.storyboard; path = ThemeColor.storyboard; sourceTree = "<group>"; };
		AB86832626026F8000529952 /* AdMob.swift */ = {isa = PBXFileReference; lastKnownFileType = sourcecode.swift; path = AdMob.swift; sourceTree = "<group>"; };
		AB8FCD3825A9F0F800B673F5 /* HowToUseToBuyListViewController.swift */ = {isa = PBXFileReference; lastKnownFileType = sourcecode.swift; path = HowToUseToBuyListViewController.swift; sourceTree = "<group>"; };
		AB8FCD8E25AD790C00B673F5 /* GoogleMobileAds.framework */ = {isa = PBXFileReference; lastKnownFileType = wrapper.framework; name = GoogleMobileAds.framework; path = "../GoogleMobileAdsSdkiOS-7.69.0/GoogleMobileAds.xcframework/ios-arm64_armv7/GoogleMobileAds.framework"; sourceTree = "<group>"; };
		AB8FCD9025AD791D00B673F5 /* GoogleAppMeasurement.framework */ = {isa = PBXFileReference; lastKnownFileType = wrapper.framework; name = GoogleAppMeasurement.framework; path = "../GoogleMobileAdsSdkiOS-7.69.0/GoogleAppMeasurement.framework"; sourceTree = "<group>"; };
		AB8FCD9225AD793600B673F5 /* GoogleUtilities.framework */ = {isa = PBXFileReference; lastKnownFileType = wrapper.framework; name = GoogleUtilities.framework; path = "../GoogleMobileAdsSdkiOS-7.69.0/GoogleUtilities.xcframework/ios-armv7_arm64/GoogleUtilities.framework"; sourceTree = "<group>"; };
		AB8FCD9425AD794300B673F5 /* nanopb.framework */ = {isa = PBXFileReference; lastKnownFileType = wrapper.framework; name = nanopb.framework; path = "../GoogleMobileAdsSdkiOS-7.69.0/nanopb.xcframework/ios-armv7_arm64/nanopb.framework"; sourceTree = "<group>"; };
		AB97116825950FC600AAA0E1 /* ShoppingApplication.app */ = {isa = PBXFileReference; explicitFileType = wrapper.application; includeInIndex = 0; path = ShoppingApplication.app; sourceTree = BUILT_PRODUCTS_DIR; };
		AB97116B25950FC600AAA0E1 /* AppDelegate.swift */ = {isa = PBXFileReference; lastKnownFileType = sourcecode.swift; path = AppDelegate.swift; sourceTree = "<group>"; };
		AB97116D25950FC600AAA0E1 /* SceneDelegate.swift */ = {isa = PBXFileReference; lastKnownFileType = sourcecode.swift; path = SceneDelegate.swift; sourceTree = "<group>"; };
		AB97117225950FC600AAA0E1 /* Base */ = {isa = PBXFileReference; lastKnownFileType = file.storyboard; name = Base; path = Base.lproj/Main.storyboard; sourceTree = "<group>"; };
		AB97117425950FC900AAA0E1 /* Assets.xcassets */ = {isa = PBXFileReference; lastKnownFileType = folder.assetcatalog; path = Assets.xcassets; sourceTree = "<group>"; };
		AB97117725950FC900AAA0E1 /* Base */ = {isa = PBXFileReference; lastKnownFileType = file.storyboard; name = Base; path = Base.lproj/LaunchScreen.storyboard; sourceTree = "<group>"; };
		AB97117925950FC900AAA0E1 /* Info.plist */ = {isa = PBXFileReference; lastKnownFileType = text.plist.xml; path = Info.plist; sourceTree = "<group>"; };
		AB971186259511A000AAA0E1 /* MapViewController.swift */ = {isa = PBXFileReference; fileEncoding = 4; lastKnownFileType = sourcecode.swift; path = MapViewController.swift; sourceTree = "<group>"; };
		AB971187259511A000AAA0E1 /* ToBuyListViewController.swift */ = {isa = PBXFileReference; fileEncoding = 4; lastKnownFileType = sourcecode.swift; path = ToBuyListViewController.swift; sourceTree = "<group>"; };
		AB971188259511A000AAA0E1 /* SettingViewController.swift */ = {isa = PBXFileReference; fileEncoding = 4; lastKnownFileType = sourcecode.swift; path = SettingViewController.swift; sourceTree = "<group>"; };
		AB971189259511A100AAA0E1 /* CalculationViewController.swift */ = {isa = PBXFileReference; fileEncoding = 4; lastKnownFileType = sourcecode.swift; path = CalculationViewController.swift; sourceTree = "<group>"; };
		AB971192259511B200AAA0E1 /* ShoppingListCollectionViewCell.xib */ = {isa = PBXFileReference; fileEncoding = 4; lastKnownFileType = file.xib; path = ShoppingListCollectionViewCell.xib; sourceTree = "<group>"; };
		AB971193259511B200AAA0E1 /* ToBuyListTableViewCell.swift */ = {isa = PBXFileReference; fileEncoding = 4; lastKnownFileType = sourcecode.swift; path = ToBuyListTableViewCell.swift; sourceTree = "<group>"; };
		AB971194259511B200AAA0E1 /* ToBuyListTableViewCell.xib */ = {isa = PBXFileReference; fileEncoding = 4; lastKnownFileType = file.xib; path = ToBuyListTableViewCell.xib; sourceTree = "<group>"; };
		AB971195259511B200AAA0E1 /* ShoppingListCollectionViewCell.swift */ = {isa = PBXFileReference; fileEncoding = 4; lastKnownFileType = sourcecode.swift; path = ShoppingListCollectionViewCell.swift; sourceTree = "<group>"; };
		AB9711C72595B58D00AAA0E1 /* SettingTableViewCell.swift */ = {isa = PBXFileReference; lastKnownFileType = sourcecode.swift; path = SettingTableViewCell.swift; sourceTree = "<group>"; };
		AB9711C82595B58D00AAA0E1 /* SettingTableViewCell.xib */ = {isa = PBXFileReference; lastKnownFileType = file.xib; path = SettingTableViewCell.xib; sourceTree = "<group>"; };
		AB9711CC2595BC8100AAA0E1 /* ThemeColorViewController.swift */ = {isa = PBXFileReference; lastKnownFileType = sourcecode.swift; path = ThemeColorViewController.swift; sourceTree = "<group>"; };
		AB9711E22595CA2E00AAA0E1 /* UIColor+Extension.swift */ = {isa = PBXFileReference; lastKnownFileType = sourcecode.swift; path = "UIColor+Extension.swift"; sourceTree = "<group>"; };
		AB9711E62596CA5900AAA0E1 /* TabBarController.swift */ = {isa = PBXFileReference; lastKnownFileType = sourcecode.swift; path = TabBarController.swift; sourceTree = "<group>"; };
		B5DB2BBA3BF31377673DC6EB /* Pods-ShoppingApplication.release.xcconfig */ = {isa = PBXFileReference; includeInIndex = 1; lastKnownFileType = text.xcconfig; name = "Pods-ShoppingApplication.release.xcconfig"; path = "Target Support Files/Pods-ShoppingApplication/Pods-ShoppingApplication.release.xcconfig"; sourceTree = "<group>"; };
		C0F7B8E2DFA26FA08F771DC4 /* Pods_ShoppingApplication.framework */ = {isa = PBXFileReference; explicitFileType = wrapper.framework; includeInIndex = 0; path = Pods_ShoppingApplication.framework; sourceTree = BUILT_PRODUCTS_DIR; };
/* End PBXFileReference section */

/* Begin PBXFrameworksBuildPhase section */
		AB97116525950FC600AAA0E1 /* Frameworks */ = {
			isa = PBXFrameworksBuildPhase;
			buildActionMask = 2147483647;
			files = (
				F0F9906C409275E1DBC4D4FD /* Pods_ShoppingApplication.framework in Frameworks */,
			);
			runOnlyForDeploymentPostprocessing = 0;
		};
/* End PBXFrameworksBuildPhase section */

/* Begin PBXGroup section */
		08326F6A02B976038DAB8B7C /* Pods */ = {
			isa = PBXGroup;
			children = (
				18F3E129915F4B0509A221BD /* Pods-ShoppingApplication.debug.xcconfig */,
				B5DB2BBA3BF31377673DC6EB /* Pods-ShoppingApplication.release.xcconfig */,
			);
			path = Pods;
			sourceTree = "<group>";
		};
		837793C86D2E9DE5A1DEDEF0 /* Frameworks */ = {
			isa = PBXGroup;
			children = (
				AB8FCD9425AD794300B673F5 /* nanopb.framework */,
				AB8FCD9225AD793600B673F5 /* GoogleUtilities.framework */,
				AB8FCD9025AD791D00B673F5 /* GoogleAppMeasurement.framework */,
				AB8FCD8E25AD790C00B673F5 /* GoogleMobileAds.framework */,
				C0F7B8E2DFA26FA08F771DC4 /* Pods_ShoppingApplication.framework */,
			);
			name = Frameworks;
			sourceTree = "<group>";
		};
		AB23EF5C260809A0000AE6CB /* Others */ = {
			isa = PBXGroup;
			children = (
				AB86832626026F8000529952 /* AdMob.swift */,
				AB23EF58260801B0000AE6CB /* Designs.swift */,
				AB23EF6A260823BD000AE6CB /* Strikethrough.swift */,
			);
			path = Others;
			sourceTree = "<group>";
		};
		AB23EF5D260809A8000AE6CB /* API */ = {
			isa = PBXGroup;
			children = (
				AB02A23E2603EE950021ADE0 /* API.swift */,
			);
			path = API;
			sourceTree = "<group>";
		};
		AB86831526025F0700529952 /* Storyboards */ = {
			isa = PBXGroup;
			children = (
				AB97117125950FC600AAA0E1 /* Main.storyboard */,
				AB86831826025FC900529952 /* ToBuyList.storyboard */,
				AB86831A26025FD600529952 /* HowToUseToBuyList.storyboard */,
				AB86831C26025FE900529952 /* Calculation.storyboard */,
				AB86831E26025FFC00529952 /* HowToUseCalculation.storyboard */,
				AB8683202602600500529952 /* Map.storyboard */,
				AB8683222602600F00529952 /* Setting.storyboard */,
				AB8683242602601800529952 /* ThemeColor.storyboard */,
			);
			path = Storyboards;
			sourceTree = "<group>";
		};
		AB8A683D25B5366300D08D16 /* Extension */ = {
			isa = PBXGroup;
			children = (
				AB9711E22595CA2E00AAA0E1 /* UIColor+Extension.swift */,
				AB02A2302603BE020021ADE0 /* String+Extension.swift */,
			);
			path = Extension;
			sourceTree = "<group>";
		};
		AB97115F25950FC600AAA0E1 = {
			isa = PBXGroup;
			children = (
				AB97116A25950FC600AAA0E1 /* ShoppingApplication */,
				AB97116925950FC600AAA0E1 /* Products */,
				08326F6A02B976038DAB8B7C /* Pods */,
				837793C86D2E9DE5A1DEDEF0 /* Frameworks */,
			);
			sourceTree = "<group>";
		};
		AB97116925950FC600AAA0E1 /* Products */ = {
			isa = PBXGroup;
			children = (
				AB97116825950FC600AAA0E1 /* ShoppingApplication.app */,
			);
			name = Products;
			sourceTree = "<group>";
		};
		AB97116A25950FC600AAA0E1 /* ShoppingApplication */ = {
			isa = PBXGroup;
			children = (
				AB23EF5D260809A8000AE6CB /* API */,
				AB23EF5C260809A0000AE6CB /* Others */,
				AB8A683D25B5366300D08D16 /* Extension */,
				AB86831526025F0700529952 /* Storyboards */,
				AB9711C32595B4A600AAA0E1 /* Models */,
				AB971190259511A900AAA0E1 /* Views */,
				AB9711822595116600AAA0E1 /* Controllers */,
				AB97116B25950FC600AAA0E1 /* AppDelegate.swift */,
				AB97116D25950FC600AAA0E1 /* SceneDelegate.swift */,
				AB97117425950FC900AAA0E1 /* Assets.xcassets */,
				AB97117625950FC900AAA0E1 /* LaunchScreen.storyboard */,
				AB97117925950FC900AAA0E1 /* Info.plist */,
				AB32762525A1409200FB8C2F /* GoogleService-Info.plist */,
			);
			path = ShoppingApplication;
			sourceTree = "<group>";
		};
		AB9711822595116600AAA0E1 /* Controllers */ = {
			isa = PBXGroup;
			children = (
				AB9711E62596CA5900AAA0E1 /* TabBarController.swift */,
				AB971187259511A000AAA0E1 /* ToBuyListViewController.swift */,
				AB8FCD3825A9F0F800B673F5 /* HowToUseToBuyListViewController.swift */,
				AB971189259511A100AAA0E1 /* CalculationViewController.swift */,
				AB80719825A8BA3B00E1F550 /* HowToUseCalculationViewController.swift */,
				AB971186259511A000AAA0E1 /* MapViewController.swift */,
				AB971188259511A000AAA0E1 /* SettingViewController.swift */,
				AB9711CC2595BC8100AAA0E1 /* ThemeColorViewController.swift */,
			);
			path = Controllers;
			sourceTree = "<group>";
		};
		AB971190259511A900AAA0E1 /* Views */ = {
			isa = PBXGroup;
			children = (
				AB971193259511B200AAA0E1 /* ToBuyListTableViewCell.swift */,
				AB971194259511B200AAA0E1 /* ToBuyListTableViewCell.xib */,
				AB971195259511B200AAA0E1 /* ShoppingListCollectionViewCell.swift */,
				AB971192259511B200AAA0E1 /* ShoppingListCollectionViewCell.xib */,
				AB9711C72595B58D00AAA0E1 /* SettingTableViewCell.swift */,
				AB9711C82595B58D00AAA0E1 /* SettingTableViewCell.xib */,
			);
			path = Views;
			sourceTree = "<group>";
		};
		AB9711C32595B4A600AAA0E1 /* Models */ = {
			isa = PBXGroup;
			children = (
				AB211A37259BDF5E002DAFBF /* RealmModel.swift */,
				AB23EF4826071F82000AE6CB /* RealmRepository.swift */,
				AB80719625A8B9ED00E1F550 /* Place.swift */,
			);
			path = Models;
			sourceTree = "<group>";
		};
/* End PBXGroup section */

/* Begin PBXNativeTarget section */
		AB97116725950FC600AAA0E1 /* ShoppingApplication */ = {
			isa = PBXNativeTarget;
			buildConfigurationList = AB97117C25950FC900AAA0E1 /* Build configuration list for PBXNativeTarget "ShoppingApplication" */;
			buildPhases = (
				78E8DE2BC5D45D4BB0362229 /* [CP] Check Pods Manifest.lock */,
				AB97116425950FC600AAA0E1 /* Sources */,
				AB97116525950FC600AAA0E1 /* Frameworks */,
				AB97116625950FC600AAA0E1 /* Resources */,
				AB32763B25A167C300FB8C2F /* Embed Frameworks */,
				F5C8AD4D509760B7F61DAF10 /* [CP] Embed Pods Frameworks */,
				9C641B11E1C41136A9C2F2DD /* [CP] Copy Pods Resources */,
			);
			buildRules = (
			);
			dependencies = (
			);
			name = ShoppingApplication;
			productName = ShoppingApplication;
			productReference = AB97116825950FC600AAA0E1 /* ShoppingApplication.app */;
			productType = "com.apple.product-type.application";
		};
/* End PBXNativeTarget section */

/* Begin PBXProject section */
		AB97116025950FC600AAA0E1 /* Project object */ = {
			isa = PBXProject;
			attributes = {
				LastSwiftUpdateCheck = 1230;
				LastUpgradeCheck = 1230;
				TargetAttributes = {
					AB97116725950FC600AAA0E1 = {
						CreatedOnToolsVersion = 12.3;
					};
				};
			};
			buildConfigurationList = AB97116325950FC600AAA0E1 /* Build configuration list for PBXProject "ShoppingApplication" */;
			compatibilityVersion = "Xcode 11.4";
			developmentRegion = en;
			hasScannedForEncodings = 0;
			knownRegions = (
				en,
				Base,
			);
			mainGroup = AB97115F25950FC600AAA0E1;
			productRefGroup = AB97116925950FC600AAA0E1 /* Products */;
			projectDirPath = "";
			projectRoot = "";
			targets = (
				AB97116725950FC600AAA0E1 /* ShoppingApplication */,
			);
		};
/* End PBXProject section */

/* Begin PBXResourcesBuildPhase section */
		AB97116625950FC600AAA0E1 /* Resources */ = {
			isa = PBXResourcesBuildPhase;
			buildActionMask = 2147483647;
			files = (
				AB86831B26025FD600529952 /* HowToUseToBuyList.storyboard in Resources */,
				AB86831D26025FE900529952 /* Calculation.storyboard in Resources */,
				AB97117825950FC900AAA0E1 /* LaunchScreen.storyboard in Resources */,
				AB97117525950FC900AAA0E1 /* Assets.xcassets in Resources */,
				AB9711CA2595B58D00AAA0E1 /* SettingTableViewCell.xib in Resources */,
				AB971196259511B200AAA0E1 /* ShoppingListCollectionViewCell.xib in Resources */,
				AB86831F26025FFC00529952 /* HowToUseCalculation.storyboard in Resources */,
				AB86831926025FC900529952 /* ToBuyList.storyboard in Resources */,
				AB8683252602601800529952 /* ThemeColor.storyboard in Resources */,
				AB8683232602600F00529952 /* Setting.storyboard in Resources */,
				AB971198259511B200AAA0E1 /* ToBuyListTableViewCell.xib in Resources */,
				AB97117325950FC600AAA0E1 /* Main.storyboard in Resources */,
				AB32762625A1409200FB8C2F /* GoogleService-Info.plist in Resources */,
				AB8683212602600500529952 /* Map.storyboard in Resources */,
			);
			runOnlyForDeploymentPostprocessing = 0;
		};
/* End PBXResourcesBuildPhase section */

/* Begin PBXShellScriptBuildPhase section */
		78E8DE2BC5D45D4BB0362229 /* [CP] Check Pods Manifest.lock */ = {
			isa = PBXShellScriptBuildPhase;
			buildActionMask = 2147483647;
			files = (
			);
			inputFileListPaths = (
			);
			inputPaths = (
				"${PODS_PODFILE_DIR_PATH}/Podfile.lock",
				"${PODS_ROOT}/Manifest.lock",
			);
			name = "[CP] Check Pods Manifest.lock";
			outputFileListPaths = (
			);
			outputPaths = (
				"$(DERIVED_FILE_DIR)/Pods-ShoppingApplication-checkManifestLockResult.txt",
			);
			runOnlyForDeploymentPostprocessing = 0;
			shellPath = /bin/sh;
			shellScript = "diff \"${PODS_PODFILE_DIR_PATH}/Podfile.lock\" \"${PODS_ROOT}/Manifest.lock\" > /dev/null\nif [ $? != 0 ] ; then\n    # print error to STDERR\n    echo \"error: The sandbox is not in sync with the Podfile.lock. Run 'pod install' or update your CocoaPods installation.\" >&2\n    exit 1\nfi\n# This output is used by Xcode 'outputs' to avoid re-running this script phase.\necho \"SUCCESS\" > \"${SCRIPT_OUTPUT_FILE_0}\"\n";
			showEnvVarsInLog = 0;
		};
		9C641B11E1C41136A9C2F2DD /* [CP] Copy Pods Resources */ = {
			isa = PBXShellScriptBuildPhase;
			buildActionMask = 2147483647;
			files = (
			);
			inputFileListPaths = (
				"${PODS_ROOT}/Target Support Files/Pods-ShoppingApplication/Pods-ShoppingApplication-resources-${CONFIGURATION}-input-files.xcfilelist",
			);
			name = "[CP] Copy Pods Resources";
			outputFileListPaths = (
				"${PODS_ROOT}/Target Support Files/Pods-ShoppingApplication/Pods-ShoppingApplication-resources-${CONFIGURATION}-output-files.xcfilelist",
			);
			runOnlyForDeploymentPostprocessing = 0;
			shellPath = /bin/sh;
			shellScript = "\"${PODS_ROOT}/Target Support Files/Pods-ShoppingApplication/Pods-ShoppingApplication-resources.sh\"\n";
			showEnvVarsInLog = 0;
		};
		F5C8AD4D509760B7F61DAF10 /* [CP] Embed Pods Frameworks */ = {
			isa = PBXShellScriptBuildPhase;
			buildActionMask = 2147483647;
			files = (
			);
			inputFileListPaths = (
				"${PODS_ROOT}/Target Support Files/Pods-ShoppingApplication/Pods-ShoppingApplication-frameworks-${CONFIGURATION}-input-files.xcfilelist",
			);
			name = "[CP] Embed Pods Frameworks";
			outputFileListPaths = (
				"${PODS_ROOT}/Target Support Files/Pods-ShoppingApplication/Pods-ShoppingApplication-frameworks-${CONFIGURATION}-output-files.xcfilelist",
			);
			runOnlyForDeploymentPostprocessing = 0;
			shellPath = /bin/sh;
			shellScript = "\"${PODS_ROOT}/Target Support Files/Pods-ShoppingApplication/Pods-ShoppingApplication-frameworks.sh\"\n";
			showEnvVarsInLog = 0;
		};
/* End PBXShellScriptBuildPhase section */

/* Begin PBXSourcesBuildPhase section */
		AB97116425950FC600AAA0E1 /* Sources */ = {
			isa = PBXSourcesBuildPhase;
			buildActionMask = 2147483647;
			files = (
				AB9711CD2595BC8100AAA0E1 /* ThemeColorViewController.swift in Sources */,
				AB23EF6B260823BD000AE6CB /* Strikethrough.swift in Sources */,
				AB02A23F2603EE950021ADE0 /* API.swift in Sources */,
				AB97118C259511A100AAA0E1 /* SettingViewController.swift in Sources */,
				AB97118B259511A100AAA0E1 /* ToBuyListViewController.swift in Sources */,
				AB211A3A259BDF70002DAFBF /* UIColor+Extension.swift in Sources */,
				AB23EF4926071F82000AE6CB /* RealmRepository.swift in Sources */,
				AB971199259511B200AAA0E1 /* ShoppingListCollectionViewCell.swift in Sources */,
				AB9711C92595B58D00AAA0E1 /* SettingTableViewCell.swift in Sources */,
				AB23EF59260801B0000AE6CB /* Designs.swift in Sources */,
				AB8FCD3925A9F0F900B673F5 /* HowToUseToBuyListViewController.swift in Sources */,
				AB97116C25950FC600AAA0E1 /* AppDelegate.swift in Sources */,
				AB971197259511B200AAA0E1 /* ToBuyListTableViewCell.swift in Sources */,
				AB80719925A8BA3B00E1F550 /* HowToUseCalculationViewController.swift in Sources */,
				AB02A2312603BE020021ADE0 /* String+Extension.swift in Sources */,
				AB86832726026F8000529952 /* AdMob.swift in Sources */,
				AB80719725A8B9ED00E1F550 /* Place.swift in Sources */,
				AB97118A259511A100AAA0E1 /* MapViewController.swift in Sources */,
				AB9711E72596CA5900AAA0E1 /* TabBarController.swift in Sources */,
				AB97118D259511A100AAA0E1 /* CalculationViewController.swift in Sources */,
				AB211A38259BDF5E002DAFBF /* RealmModel.swift in Sources */,
				AB97116E25950FC600AAA0E1 /* SceneDelegate.swift in Sources */,
			);
			runOnlyForDeploymentPostprocessing = 0;
		};
/* End PBXSourcesBuildPhase section */

/* Begin PBXVariantGroup section */
		AB97117125950FC600AAA0E1 /* Main.storyboard */ = {
			isa = PBXVariantGroup;
			children = (
				AB97117225950FC600AAA0E1 /* Base */,
			);
			name = Main.storyboard;
			sourceTree = "<group>";
		};
		AB97117625950FC900AAA0E1 /* LaunchScreen.storyboard */ = {
			isa = PBXVariantGroup;
			children = (
				AB97117725950FC900AAA0E1 /* Base */,
			);
			name = LaunchScreen.storyboard;
			sourceTree = "<group>";
		};
/* End PBXVariantGroup section */

/* Begin XCBuildConfiguration section */
		AB97117A25950FC900AAA0E1 /* Debug */ = {
			isa = XCBuildConfiguration;
			buildSettings = {
				ALWAYS_SEARCH_USER_PATHS = NO;
				CLANG_ANALYZER_NONNULL = YES;
				CLANG_ANALYZER_NUMBER_OBJECT_CONVERSION = YES_AGGRESSIVE;
				CLANG_CXX_LANGUAGE_STANDARD = "gnu++14";
				CLANG_CXX_LIBRARY = "libc++";
				CLANG_ENABLE_MODULES = YES;
				CLANG_ENABLE_OBJC_ARC = YES;
				CLANG_ENABLE_OBJC_WEAK = YES;
				CLANG_WARN_BLOCK_CAPTURE_AUTORELEASING = YES;
				CLANG_WARN_BOOL_CONVERSION = YES;
				CLANG_WARN_COMMA = YES;
				CLANG_WARN_CONSTANT_CONVERSION = YES;
				CLANG_WARN_DEPRECATED_OBJC_IMPLEMENTATIONS = YES;
				CLANG_WARN_DIRECT_OBJC_ISA_USAGE = YES_ERROR;
				CLANG_WARN_DOCUMENTATION_COMMENTS = YES;
				CLANG_WARN_EMPTY_BODY = YES;
				CLANG_WARN_ENUM_CONVERSION = YES;
				CLANG_WARN_INFINITE_RECURSION = YES;
				CLANG_WARN_INT_CONVERSION = YES;
				CLANG_WARN_NON_LITERAL_NULL_CONVERSION = YES;
				CLANG_WARN_OBJC_IMPLICIT_RETAIN_SELF = YES;
				CLANG_WARN_OBJC_LITERAL_CONVERSION = YES;
				CLANG_WARN_OBJC_ROOT_CLASS = YES_ERROR;
				CLANG_WARN_QUOTED_INCLUDE_IN_FRAMEWORK_HEADER = YES;
				CLANG_WARN_RANGE_LOOP_ANALYSIS = YES;
				CLANG_WARN_STRICT_PROTOTYPES = YES;
				CLANG_WARN_SUSPICIOUS_MOVE = YES;
				CLANG_WARN_UNGUARDED_AVAILABILITY = YES_AGGRESSIVE;
				CLANG_WARN_UNREACHABLE_CODE = YES;
				CLANG_WARN__DUPLICATE_METHOD_MATCH = YES;
				COPY_PHASE_STRIP = NO;
				DEBUG_INFORMATION_FORMAT = dwarf;
				ENABLE_STRICT_OBJC_MSGSEND = YES;
				ENABLE_TESTABILITY = YES;
				GCC_C_LANGUAGE_STANDARD = gnu11;
				GCC_DYNAMIC_NO_PIC = NO;
				GCC_NO_COMMON_BLOCKS = YES;
				GCC_OPTIMIZATION_LEVEL = 0;
				GCC_PREPROCESSOR_DEFINITIONS = (
					"DEBUG=1",
					"$(inherited)",
				);
				GCC_WARN_64_TO_32_BIT_CONVERSION = YES;
				GCC_WARN_ABOUT_RETURN_TYPE = YES_ERROR;
				GCC_WARN_UNDECLARED_SELECTOR = YES;
				GCC_WARN_UNINITIALIZED_AUTOS = YES_AGGRESSIVE;
				GCC_WARN_UNUSED_FUNCTION = YES;
				GCC_WARN_UNUSED_VARIABLE = YES;
				IPHONEOS_DEPLOYMENT_TARGET = 13.0;
				MTL_ENABLE_DEBUG_INFO = INCLUDE_SOURCE;
				MTL_FAST_MATH = YES;
				ONLY_ACTIVE_ARCH = YES;
				OTHER_LDFLAGS = "";
				SDKROOT = iphoneos;
				SWIFT_ACTIVE_COMPILATION_CONDITIONS = DEBUG;
				SWIFT_OPTIMIZATION_LEVEL = "-Onone";
			};
			name = Debug;
		};
		AB97117B25950FC900AAA0E1 /* Release */ = {
			isa = XCBuildConfiguration;
			buildSettings = {
				ALWAYS_SEARCH_USER_PATHS = NO;
				CLANG_ANALYZER_NONNULL = YES;
				CLANG_ANALYZER_NUMBER_OBJECT_CONVERSION = YES_AGGRESSIVE;
				CLANG_CXX_LANGUAGE_STANDARD = "gnu++14";
				CLANG_CXX_LIBRARY = "libc++";
				CLANG_ENABLE_MODULES = YES;
				CLANG_ENABLE_OBJC_ARC = YES;
				CLANG_ENABLE_OBJC_WEAK = YES;
				CLANG_WARN_BLOCK_CAPTURE_AUTORELEASING = YES;
				CLANG_WARN_BOOL_CONVERSION = YES;
				CLANG_WARN_COMMA = YES;
				CLANG_WARN_CONSTANT_CONVERSION = YES;
				CLANG_WARN_DEPRECATED_OBJC_IMPLEMENTATIONS = YES;
				CLANG_WARN_DIRECT_OBJC_ISA_USAGE = YES_ERROR;
				CLANG_WARN_DOCUMENTATION_COMMENTS = YES;
				CLANG_WARN_EMPTY_BODY = YES;
				CLANG_WARN_ENUM_CONVERSION = YES;
				CLANG_WARN_INFINITE_RECURSION = YES;
				CLANG_WARN_INT_CONVERSION = YES;
				CLANG_WARN_NON_LITERAL_NULL_CONVERSION = YES;
				CLANG_WARN_OBJC_IMPLICIT_RETAIN_SELF = YES;
				CLANG_WARN_OBJC_LITERAL_CONVERSION = YES;
				CLANG_WARN_OBJC_ROOT_CLASS = YES_ERROR;
				CLANG_WARN_QUOTED_INCLUDE_IN_FRAMEWORK_HEADER = YES;
				CLANG_WARN_RANGE_LOOP_ANALYSIS = YES;
				CLANG_WARN_STRICT_PROTOTYPES = YES;
				CLANG_WARN_SUSPICIOUS_MOVE = YES;
				CLANG_WARN_UNGUARDED_AVAILABILITY = YES_AGGRESSIVE;
				CLANG_WARN_UNREACHABLE_CODE = YES;
				CLANG_WARN__DUPLICATE_METHOD_MATCH = YES;
				COPY_PHASE_STRIP = NO;
				DEBUG_INFORMATION_FORMAT = "dwarf-with-dsym";
				ENABLE_NS_ASSERTIONS = NO;
				ENABLE_STRICT_OBJC_MSGSEND = YES;
				GCC_C_LANGUAGE_STANDARD = gnu11;
				GCC_NO_COMMON_BLOCKS = YES;
				GCC_WARN_64_TO_32_BIT_CONVERSION = YES;
				GCC_WARN_ABOUT_RETURN_TYPE = YES_ERROR;
				GCC_WARN_UNDECLARED_SELECTOR = YES;
				GCC_WARN_UNINITIALIZED_AUTOS = YES_AGGRESSIVE;
				GCC_WARN_UNUSED_FUNCTION = YES;
				GCC_WARN_UNUSED_VARIABLE = YES;
				IPHONEOS_DEPLOYMENT_TARGET = 13.0;
				MTL_ENABLE_DEBUG_INFO = NO;
				MTL_FAST_MATH = YES;
				OTHER_LDFLAGS = "";
				SDKROOT = iphoneos;
				SWIFT_COMPILATION_MODE = wholemodule;
				SWIFT_OPTIMIZATION_LEVEL = "-O";
				VALIDATE_PRODUCT = YES;
			};
			name = Release;
		};
		AB97117D25950FC900AAA0E1 /* Debug */ = {
			isa = XCBuildConfiguration;
			baseConfigurationReference = 18F3E129915F4B0509A221BD /* Pods-ShoppingApplication.debug.xcconfig */;
			buildSettings = {
				ASSETCATALOG_COMPILER_APPICON_NAME = AppIcon;
				ASSETCATALOG_COMPILER_GLOBAL_ACCENT_COLOR_NAME = AccentColor;
				CODE_SIGN_STYLE = Automatic;
				DEVELOPMENT_TEAM = 242KS3V77L;
				FRAMEWORK_SEARCH_PATHS = (
					"$(inherited)",
					"$(PROJECT_DIR)/GoogleMobileAdsSdkiOS-7.69.0/GoogleUtilities.xcframework/ios-armv7_arm64",
					"$(PROJECT_DIR)/GoogleMobileAdsSdkiOS-7.69.0/GoogleMobileAds.xcframework/ios-arm64_armv7",
					"$(PROJECT_DIR)/GoogleMobileAdsSdkiOS-7.69.0/nanopb.xcframework/ios-armv7_arm64",
					"$(PROJECT_DIR)/GoogleMobileAdsSdkiOS-7.69.0",
					"$(PROJECT_DIR)/GoogleMobileAdsSdkiOS-7.69.0/GoogleMobileAds.xcframework/ios-arm64_i386_x86_64-simulator",
				);
				INFOPLIST_FILE = ShoppingApplication/Info.plist;
				IPHONEOS_DEPLOYMENT_TARGET = 13.0;
				LD_RUNPATH_SEARCH_PATHS = (
					"$(inherited)",
					"@executable_path/Frameworks",
				);
				MARKETING_VERSION = 1.0.3;
				PRODUCT_BUNDLE_IDENTIFIER = oonishireon.ShoppingApplication;
				PRODUCT_NAME = "$(TARGET_NAME)";
				SWIFT_VERSION = 5.0;
				TARGETED_DEVICE_FAMILY = 1;
			};
			name = Debug;
		};
		AB97117E25950FC900AAA0E1 /* Release */ = {
			isa = XCBuildConfiguration;
			baseConfigurationReference = B5DB2BBA3BF31377673DC6EB /* Pods-ShoppingApplication.release.xcconfig */;
			buildSettings = {
				ASSETCATALOG_COMPILER_APPICON_NAME = AppIcon;
				ASSETCATALOG_COMPILER_GLOBAL_ACCENT_COLOR_NAME = AccentColor;
				CODE_SIGN_STYLE = Automatic;
				DEVELOPMENT_TEAM = 242KS3V77L;
				FRAMEWORK_SEARCH_PATHS = (
					"$(inherited)",
					"$(PROJECT_DIR)/GoogleMobileAdsSdkiOS-7.69.0/GoogleUtilities.xcframework/ios-armv7_arm64",
					"$(PROJECT_DIR)/GoogleMobileAdsSdkiOS-7.69.0/GoogleMobileAds.xcframework/ios-arm64_armv7",
					"$(PROJECT_DIR)/GoogleMobileAdsSdkiOS-7.69.0/nanopb.xcframework/ios-armv7_arm64",
					"$(PROJECT_DIR)/GoogleMobileAdsSdkiOS-7.69.0",
					"$(PROJECT_DIR)/GoogleMobileAdsSdkiOS-7.69.0/GoogleMobileAds.xcframework/ios-arm64_i386_x86_64-simulator",
				);
				INFOPLIST_FILE = ShoppingApplication/Info.plist;
				IPHONEOS_DEPLOYMENT_TARGET = 13.0;
				LD_RUNPATH_SEARCH_PATHS = (
					"$(inherited)",
					"@executable_path/Frameworks",
				);
				MARKETING_VERSION = 1.0.3;
				PRODUCT_BUNDLE_IDENTIFIER = oonishireon.ShoppingApplication;
				PRODUCT_NAME = "$(TARGET_NAME)";
				SWIFT_VERSION = 5.0;
				TARGETED_DEVICE_FAMILY = 1;
			};
			name = Release;
		};
/* End XCBuildConfiguration section */

/* Begin XCConfigurationList section */
		AB97116325950FC600AAA0E1 /* Build configuration list for PBXProject "ShoppingApplication" */ = {
			isa = XCConfigurationList;
			buildConfigurations = (
				AB97117A25950FC900AAA0E1 /* Debug */,
				AB97117B25950FC900AAA0E1 /* Release */,
			);
			defaultConfigurationIsVisible = 0;
			defaultConfigurationName = Release;
		};
		AB97117C25950FC900AAA0E1 /* Build configuration list for PBXNativeTarget "ShoppingApplication" */ = {
			isa = XCConfigurationList;
			buildConfigurations = (
				AB97117D25950FC900AAA0E1 /* Debug */,
				AB97117E25950FC900AAA0E1 /* Release */,
			);
			defaultConfigurationIsVisible = 0;
			defaultConfigurationName = Release;
		};
/* End XCConfigurationList section */
	};
	rootObject = AB97116025950FC600AAA0E1 /* Project object */;
}
